
Microsoft Visual Studio Solution File, Format Version 12.00
# Visual Studio Version 17
VisualStudioVersion = 17.5.002.0
MinimumVisualStudioVersion = 10.0.40219.1
Project("{9A19103F-16F7-4668-BE54-9A1E7A4F7556}") = "ConventionalReleaseNotes", "ConventionalReleaseNotes.csproj", "{94B2E904-33D6-4E68-BEDE-02A61A274D03}"
EndProject
Global
	GlobalSection(SolutionConfigurationPlatforms) = preSolution
		Debug|Any CPU = Debug|Any CPU
		Release|Any CPU = Release|Any CPU
	EndGlobalSection
	GlobalSection(ProjectConfigurationPlatforms) = postSolution
		{94B2E904-33D6-4E68-BEDE-02A61A274D03}.Debug|Any CPU.ActiveCfg = Debug|Any CPU
		{94B2E904-33D6-4E68-BEDE-02A61A274D03}.Debug|Any CPU.Build.0 = Debug|Any CPU
		{94B2E904-33D6-4E68-BEDE-02A61A274D03}.Release|Any CPU.ActiveCfg = Release|Any CPU
		{94B2E904-33D6-4E68-BEDE-02A61A274D03}.Release|Any CPU.Build.0 = Release|Any CPU
	EndGlobalSection
	GlobalSection(SolutionProperties) = preSolution
		HideSolutionNode = FALSE
	EndGlobalSection
	GlobalSection(ExtensibilityGlobals) = postSolution
		SolutionGuid = {AEEA1C2E-B913-4D48-B7D0-2C0ABD6BCA29}
	EndGlobalSection
EndGlobal
